
Microsoft Visual Studio Solution File, Format Version 12.00
# Visual Studio Version 17
VisualStudioVersion = 17.7.33927.210
MinimumVisualStudioVersion = 10.0.40219.1
Project("{FAE04EC0-301F-11D3-BF4B-00C04F79EFBC}") = "AspnetCoreMsDocs.Learn", "AspnetCoreMsDocs.Learn\AspnetCoreMsDocs.Learn.csproj", "{80BD6713-FD80-448C-AAD9-5B8C648E4A88}"
EndProject
Project("{FAE04EC0-301F-11D3-BF4B-00C04F79EFBC}") = "AllLinqMethods", "AllLinqMethods\AllLinqMethods.csproj", "{BB7D1353-79C6-45AA-B0E8-79E2EDC63ED4}"
EndProject
Project("{FAE04EC0-301F-11D3-BF4B-00C04F79EFBC}") = "LearnAuthentication", "LearnAuthentication\LearnAuthentication.csproj", "{96F89A3B-8B88-4209-8E13-230638669CA4}"
EndProject
Global
	GlobalSection(SolutionConfigurationPlatforms) = preSolution
		Debug|Any CPU = Debug|Any CPU
		Release|Any CPU = Release|Any CPU
	EndGlobalSection
	GlobalSection(ProjectConfigurationPlatforms) = postSolution
		{80BD6713-FD80-448C-AAD9-5B8C648E4A88}.Debug|Any CPU.ActiveCfg = Debug|Any CPU
		{80BD6713-FD80-448C-AAD9-5B8C648E4A88}.Debug|Any CPU.Build.0 = Debug|Any CPU
		{80BD6713-FD80-448C-AAD9-5B8C648E4A88}.Release|Any CPU.ActiveCfg = Release|Any CPU
		{80BD6713-FD80-448C-AAD9-5B8C648E4A88}.Release|Any CPU.Build.0 = Release|Any CPU
		{BB7D1353-79C6-45AA-B0E8-79E2EDC63ED4}.Debug|Any CPU.ActiveCfg = Debug|Any CPU
		{BB7D1353-79C6-45AA-B0E8-79E2EDC63ED4}.Debug|Any CPU.Build.0 = Debug|Any CPU
		{BB7D1353-79C6-45AA-B0E8-79E2EDC63ED4}.Release|Any CPU.ActiveCfg = Release|Any CPU
		{BB7D1353-79C6-45AA-B0E8-79E2EDC63ED4}.Release|Any CPU.Build.0 = Release|Any CPU
		{96F89A3B-8B88-4209-8E13-230638669CA4}.Debug|Any CPU.ActiveCfg = Debug|Any CPU
		{96F89A3B-8B88-4209-8E13-230638669CA4}.Debug|Any CPU.Build.0 = Debug|Any CPU
		{96F89A3B-8B88-4209-8E13-230638669CA4}.Release|Any CPU.ActiveCfg = Release|Any CPU
		{96F89A3B-8B88-4209-8E13-230638669CA4}.Release|Any CPU.Build.0 = Release|Any CPU
	EndGlobalSection
	GlobalSection(SolutionProperties) = preSolution
		HideSolutionNode = FALSE
	EndGlobalSection
	GlobalSection(ExtensibilityGlobals) = postSolution
		SolutionGuid = {A158FCC2-D160-4C2F-AF6C-453DAD86F586}
	EndGlobalSection
EndGlobal
